--- Cargo.lock.orig	2025-12-18 17:41:26 UTC
+++ Cargo.lock
@@ -1077,7 +1077,6 @@ version = "0.1.3"
 [[package]]
 name = "async-pipe"
 version = "0.1.3"
-source = "git+https://github.com/zed-industries/async-pipe-rs?rev=82d00a04211cf4e1236029aa03e6b6ce2a74c553#82d00a04211cf4e1236029aa03e6b6ce2a74c553"
 dependencies = [
  "futures 0.3.31",
  "log",
@@ -2547,7 +2546,6 @@ version = "0.14.3"
 [[package]]
 name = "calloop"
 version = "0.14.3"
-source = "git+https://github.com/zed-industries/calloop#eb6b4fd17b9af5ecc226546bdd04185391b3e265"
 dependencies = [
  "bitflags 2.9.4",
  "polling",
@@ -2580,7 +2578,6 @@ version = "0.9.1"
 [[package]]
 name = "candle-core"
 version = "0.9.1"
-source = "git+https://github.com/zed-industries/candle?branch=9.1-patched#724d75eb3deebefe83f2a7381a45d4fac6eda383"
 dependencies = [
  "byteorder",
  "float8",
@@ -2602,7 +2599,6 @@ version = "0.9.1"
 [[package]]
 name = "candle-nn"
 version = "0.9.1"
-source = "git+https://github.com/zed-industries/candle?branch=9.1-patched#724d75eb3deebefe83f2a7381a45d4fac6eda383"
 dependencies = [
  "candle-core",
  "half",
@@ -2617,7 +2613,6 @@ version = "0.9.1"
 [[package]]
 name = "candle-onnx"
 version = "0.9.1"
-source = "git+https://github.com/zed-industries/candle?branch=9.1-patched#724d75eb3deebefe83f2a7381a45d4fac6eda383"
 dependencies = [
  "candle-core",
  "candle-nn",
@@ -4396,7 +4391,6 @@ version = "0.0.1"
 [[package]]
 name = "dap-types"
 version = "0.0.1"
-source = "git+https://github.com/zed-industries/dap-types?rev=1b461b310481d01e02b2603c16d7144b926339f8#1b461b310481d01e02b2603c16d7144b926339f8"
 dependencies = [
  "schemars",
  "serde",
@@ -6900,7 +6894,6 @@ version = "0.8.0"
 [[package]]
 name = "gh-workflow"
 version = "0.8.0"
-source = "git+https://github.com/zed-industries/gh-workflow?rev=09acfdf2bd5c1d6254abefd609c808ff73547b2c#09acfdf2bd5c1d6254abefd609c808ff73547b2c"
 dependencies = [
  "async-trait",
  "derive_more 2.0.1",
@@ -6917,7 +6910,6 @@ version = "0.8.0"
 [[package]]
 name = "gh-workflow-macros"
 version = "0.8.0"
-source = "git+https://github.com/zed-industries/gh-workflow?rev=09acfdf2bd5c1d6254abefd609c808ff73547b2c#09acfdf2bd5c1d6254abefd609c808ff73547b2c"
 dependencies = [
  "heck 0.5.0",
  "quote",
@@ -8323,21 +8315,20 @@ name = "ipc-channel"
 
 [[package]]
 name = "ipc-channel"
-version = "0.19.0"
+version = "0.20.2"
 source = "registry+https://github.com/rust-lang/crates.io-index"
-checksum = "6fb8251fb7bcd9ccd3725ed8deae9fe7db8e586495c9eb5b0c52e6233e5e75ea"
+checksum = "f93600b5616c2d075f8af8dbd23c1d69278c5d24e4913d220cbc60b14c95c180"
 dependencies = [
  "bincode",
  "crossbeam-channel",
  "fnv",
- "lazy_static",
  "libc",
  "mio 1.1.0",
- "rand 0.8.5",
+ "rand 0.9.2",
  "serde",
  "tempfile",
  "uuid",
- "windows 0.58.0",
+ "windows 0.61.3",
 ]
 
 [[package]]
@@ -9151,7 +9142,6 @@ version = "0.3.10"
 [[package]]
 name = "libwebrtc"
 version = "0.3.10"
-source = "git+https://github.com/zed-industries/livekit-rust-sdks?rev=5f04705ac3f356350ae31534ffbc476abc9ea83d#5f04705ac3f356350ae31534ffbc476abc9ea83d"
 dependencies = [
  "cxx",
  "jni",
@@ -9236,7 +9226,6 @@ version = "0.7.8"
 [[package]]
 name = "livekit"
 version = "0.7.8"
-source = "git+https://github.com/zed-industries/livekit-rust-sdks?rev=5f04705ac3f356350ae31534ffbc476abc9ea83d#5f04705ac3f356350ae31534ffbc476abc9ea83d"
 dependencies = [
  "chrono",
  "futures-util",
@@ -9259,7 +9248,6 @@ version = "0.4.2"
 [[package]]
 name = "livekit-api"
 version = "0.4.2"
-source = "git+https://github.com/zed-industries/livekit-rust-sdks?rev=5f04705ac3f356350ae31534ffbc476abc9ea83d#5f04705ac3f356350ae31534ffbc476abc9ea83d"
 dependencies = [
  "futures-util",
  "http 0.2.12",
@@ -9283,7 +9271,6 @@ version = "0.3.9"
 [[package]]
 name = "livekit-protocol"
 version = "0.3.9"
-source = "git+https://github.com/zed-industries/livekit-rust-sdks?rev=5f04705ac3f356350ae31534ffbc476abc9ea83d#5f04705ac3f356350ae31534ffbc476abc9ea83d"
 dependencies = [
  "futures-util",
  "livekit-runtime",
@@ -9300,7 +9287,6 @@ version = "0.4.0"
 [[package]]
 name = "livekit-runtime"
 version = "0.4.0"
-source = "git+https://github.com/zed-industries/livekit-rust-sdks?rev=5f04705ac3f356350ae31534ffbc476abc9ea83d#5f04705ac3f356350ae31534ffbc476abc9ea83d"
 dependencies = [
  "tokio",
  "tokio-stream",
@@ -9466,7 +9452,6 @@ version = "0.95.1"
 [[package]]
 name = "lsp-types"
 version = "0.95.1"
-source = "git+https://github.com/zed-industries/lsp-types?rev=b71ab4eeb27d9758be8092020a46fe33fbca4e33#b71ab4eeb27d9758be8092020a46fe33fbca4e33"
 dependencies = [
  "bitflags 1.3.2",
  "serde",
@@ -10371,7 +10356,6 @@ version = "8.2.0"
 [[package]]
 name = "notify"
 version = "8.2.0"
-source = "git+https://github.com/zed-industries/notify.git?rev=b4588b2e5aee68f4c0e100f140e808cbce7b1419#b4588b2e5aee68f4c0e100f140e808cbce7b1419"
 dependencies = [
  "bitflags 2.9.4",
  "fsevent-sys 4.1.0",
@@ -10399,7 +10383,6 @@ version = "2.0.0"
 [[package]]
 name = "notify-types"
 version = "2.0.0"
-source = "git+https://github.com/zed-industries/notify.git?rev=b4588b2e5aee68f4c0e100f140e808cbce7b1419#b4588b2e5aee68f4c0e100f140e808cbce7b1419"
 
 [[package]]
 name = "ntapi"
@@ -10588,7 +10571,6 @@ version = "0.9.2"
 [[package]]
 name = "nvim-rs"
 version = "0.9.2"
-source = "git+https://github.com/KillTheMule/nvim-rs?rev=764dd270c642f77f10f3e19d05cc178a6cbe69f3#764dd270c642f77f10f3e19d05cc178a6cbe69f3"
 dependencies = [
  "async-trait",
  "futures 0.3.31",
@@ -11430,7 +11412,6 @@ version = "0.1.0"
 [[package]]
 name = "pet"
 version = "0.1.0"
-source = "git+https://github.com/microsoft/python-environment-tools.git?rev=1e86914c3ce2f3a08c0cedbcb0615a7f9fa7a5da#1e86914c3ce2f3a08c0cedbcb0615a7f9fa7a5da"
 dependencies = [
  "clap",
  "env_logger 0.10.2",
@@ -11468,7 +11449,6 @@ version = "0.1.0"
 [[package]]
 name = "pet-conda"
 version = "0.1.0"
-source = "git+https://github.com/microsoft/python-environment-tools.git?rev=1e86914c3ce2f3a08c0cedbcb0615a7f9fa7a5da#1e86914c3ce2f3a08c0cedbcb0615a7f9fa7a5da"
 dependencies = [
  "env_logger 0.10.2",
  "lazy_static",
@@ -11487,7 +11467,6 @@ version = "0.1.0"
 [[package]]
 name = "pet-core"
 version = "0.1.0"
-source = "git+https://github.com/microsoft/python-environment-tools.git?rev=1e86914c3ce2f3a08c0cedbcb0615a7f9fa7a5da#1e86914c3ce2f3a08c0cedbcb0615a7f9fa7a5da"
 dependencies = [
  "clap",
  "lazy_static",
@@ -11502,7 +11481,6 @@ version = "0.1.0"
 [[package]]
 name = "pet-env-var-path"
 version = "0.1.0"
-source = "git+https://github.com/microsoft/python-environment-tools.git?rev=1e86914c3ce2f3a08c0cedbcb0615a7f9fa7a5da#1e86914c3ce2f3a08c0cedbcb0615a7f9fa7a5da"
 dependencies = [
  "lazy_static",
  "log",
@@ -11518,7 +11496,6 @@ version = "0.1.0"
 [[package]]
 name = "pet-fs"
 version = "0.1.0"
-source = "git+https://github.com/microsoft/python-environment-tools.git?rev=1e86914c3ce2f3a08c0cedbcb0615a7f9fa7a5da#1e86914c3ce2f3a08c0cedbcb0615a7f9fa7a5da"
 dependencies = [
  "log",
  "msvc_spectre_libs",
@@ -11527,7 +11504,6 @@ version = "0.1.0"
 [[package]]
 name = "pet-global-virtualenvs"
 version = "0.1.0"
-source = "git+https://github.com/microsoft/python-environment-tools.git?rev=1e86914c3ce2f3a08c0cedbcb0615a7f9fa7a5da#1e86914c3ce2f3a08c0cedbcb0615a7f9fa7a5da"
 dependencies = [
  "log",
  "msvc_spectre_libs",
@@ -11540,7 +11516,6 @@ version = "0.1.0"
 [[package]]
 name = "pet-homebrew"
 version = "0.1.0"
-source = "git+https://github.com/microsoft/python-environment-tools.git?rev=1e86914c3ce2f3a08c0cedbcb0615a7f9fa7a5da#1e86914c3ce2f3a08c0cedbcb0615a7f9fa7a5da"
 dependencies = [
  "lazy_static",
  "log",
@@ -11558,7 +11533,6 @@ version = "0.1.0"
 [[package]]
 name = "pet-jsonrpc"
 version = "0.1.0"
-source = "git+https://github.com/microsoft/python-environment-tools.git?rev=1e86914c3ce2f3a08c0cedbcb0615a7f9fa7a5da#1e86914c3ce2f3a08c0cedbcb0615a7f9fa7a5da"
 dependencies = [
  "env_logger 0.10.2",
  "log",
@@ -11571,7 +11545,6 @@ version = "0.1.0"
 [[package]]
 name = "pet-linux-global-python"
 version = "0.1.0"
-source = "git+https://github.com/microsoft/python-environment-tools.git?rev=1e86914c3ce2f3a08c0cedbcb0615a7f9fa7a5da#1e86914c3ce2f3a08c0cedbcb0615a7f9fa7a5da"
 dependencies = [
  "log",
  "msvc_spectre_libs",
@@ -11584,7 +11557,6 @@ version = "0.1.0"
 [[package]]
 name = "pet-mac-commandlinetools"
 version = "0.1.0"
-source = "git+https://github.com/microsoft/python-environment-tools.git?rev=1e86914c3ce2f3a08c0cedbcb0615a7f9fa7a5da#1e86914c3ce2f3a08c0cedbcb0615a7f9fa7a5da"
 dependencies = [
  "log",
  "msvc_spectre_libs",
@@ -11597,7 +11569,6 @@ version = "0.1.0"
 [[package]]
 name = "pet-mac-python-org"
 version = "0.1.0"
-source = "git+https://github.com/microsoft/python-environment-tools.git?rev=1e86914c3ce2f3a08c0cedbcb0615a7f9fa7a5da#1e86914c3ce2f3a08c0cedbcb0615a7f9fa7a5da"
 dependencies = [
  "log",
  "msvc_spectre_libs",
@@ -11610,7 +11581,6 @@ version = "0.1.0"
 [[package]]
 name = "pet-mac-xcode"
 version = "0.1.0"
-source = "git+https://github.com/microsoft/python-environment-tools.git?rev=1e86914c3ce2f3a08c0cedbcb0615a7f9fa7a5da#1e86914c3ce2f3a08c0cedbcb0615a7f9fa7a5da"
 dependencies = [
  "log",
  "msvc_spectre_libs",
@@ -11623,7 +11593,6 @@ version = "0.1.0"
 [[package]]
 name = "pet-pipenv"
 version = "0.1.0"
-source = "git+https://github.com/microsoft/python-environment-tools.git?rev=1e86914c3ce2f3a08c0cedbcb0615a7f9fa7a5da#1e86914c3ce2f3a08c0cedbcb0615a7f9fa7a5da"
 dependencies = [
  "log",
  "msvc_spectre_libs",
@@ -11636,7 +11605,6 @@ version = "0.1.0"
 [[package]]
 name = "pet-pixi"
 version = "0.1.0"
-source = "git+https://github.com/microsoft/python-environment-tools.git?rev=1e86914c3ce2f3a08c0cedbcb0615a7f9fa7a5da#1e86914c3ce2f3a08c0cedbcb0615a7f9fa7a5da"
 dependencies = [
  "log",
  "msvc_spectre_libs",
@@ -11648,7 +11616,6 @@ version = "0.1.0"
 [[package]]
 name = "pet-poetry"
 version = "0.1.0"
-source = "git+https://github.com/microsoft/python-environment-tools.git?rev=1e86914c3ce2f3a08c0cedbcb0615a7f9fa7a5da#1e86914c3ce2f3a08c0cedbcb0615a7f9fa7a5da"
 dependencies = [
  "base64 0.22.1",
  "lazy_static",
@@ -11669,7 +11636,6 @@ version = "0.1.0"
 [[package]]
 name = "pet-pyenv"
 version = "0.1.0"
-source = "git+https://github.com/microsoft/python-environment-tools.git?rev=1e86914c3ce2f3a08c0cedbcb0615a7f9fa7a5da#1e86914c3ce2f3a08c0cedbcb0615a7f9fa7a5da"
 dependencies = [
  "lazy_static",
  "log",
@@ -11687,7 +11653,6 @@ version = "0.1.0"
 [[package]]
 name = "pet-python-utils"
 version = "0.1.0"
-source = "git+https://github.com/microsoft/python-environment-tools.git?rev=1e86914c3ce2f3a08c0cedbcb0615a7f9fa7a5da#1e86914c3ce2f3a08c0cedbcb0615a7f9fa7a5da"
 dependencies = [
  "env_logger 0.10.2",
  "lazy_static",
@@ -11704,7 +11669,6 @@ version = "0.1.0"
 [[package]]
 name = "pet-reporter"
 version = "0.1.0"
-source = "git+https://github.com/microsoft/python-environment-tools.git?rev=1e86914c3ce2f3a08c0cedbcb0615a7f9fa7a5da#1e86914c3ce2f3a08c0cedbcb0615a7f9fa7a5da"
 dependencies = [
  "env_logger 0.10.2",
  "log",
@@ -11718,7 +11682,6 @@ version = "0.1.0"
 [[package]]
 name = "pet-telemetry"
 version = "0.1.0"
-source = "git+https://github.com/microsoft/python-environment-tools.git?rev=1e86914c3ce2f3a08c0cedbcb0615a7f9fa7a5da#1e86914c3ce2f3a08c0cedbcb0615a7f9fa7a5da"
 dependencies = [
  "env_logger 0.10.2",
  "lazy_static",
@@ -11733,7 +11696,6 @@ version = "0.1.0"
 [[package]]
 name = "pet-uv"
 version = "0.1.0"
-source = "git+https://github.com/microsoft/python-environment-tools.git?rev=1e86914c3ce2f3a08c0cedbcb0615a7f9fa7a5da#1e86914c3ce2f3a08c0cedbcb0615a7f9fa7a5da"
 dependencies = [
  "log",
  "pet-core",
@@ -11745,7 +11707,6 @@ version = "0.1.0"
 [[package]]
 name = "pet-venv"
 version = "0.1.0"
-source = "git+https://github.com/microsoft/python-environment-tools.git?rev=1e86914c3ce2f3a08c0cedbcb0615a7f9fa7a5da#1e86914c3ce2f3a08c0cedbcb0615a7f9fa7a5da"
 dependencies = [
  "log",
  "msvc_spectre_libs",
@@ -11757,7 +11718,6 @@ version = "0.1.0"
 [[package]]
 name = "pet-virtualenv"
 version = "0.1.0"
-source = "git+https://github.com/microsoft/python-environment-tools.git?rev=1e86914c3ce2f3a08c0cedbcb0615a7f9fa7a5da#1e86914c3ce2f3a08c0cedbcb0615a7f9fa7a5da"
 dependencies = [
  "log",
  "msvc_spectre_libs",
@@ -11769,7 +11729,6 @@ version = "0.1.0"
 [[package]]
 name = "pet-virtualenvwrapper"
 version = "0.1.0"
-source = "git+https://github.com/microsoft/python-environment-tools.git?rev=1e86914c3ce2f3a08c0cedbcb0615a7f9fa7a5da#1e86914c3ce2f3a08c0cedbcb0615a7f9fa7a5da"
 dependencies = [
  "log",
  "msvc_spectre_libs",
@@ -11782,7 +11741,6 @@ version = "0.1.0"
 [[package]]
 name = "pet-windows-registry"
 version = "0.1.0"
-source = "git+https://github.com/microsoft/python-environment-tools.git?rev=1e86914c3ce2f3a08c0cedbcb0615a7f9fa7a5da#1e86914c3ce2f3a08c0cedbcb0615a7f9fa7a5da"
 dependencies = [
  "lazy_static",
  "log",
@@ -11800,7 +11758,6 @@ version = "0.1.0"
 [[package]]
 name = "pet-windows-store"
 version = "0.1.0"
-source = "git+https://github.com/microsoft/python-environment-tools.git?rev=1e86914c3ce2f3a08c0cedbcb0615a7f9fa7a5da#1e86914c3ce2f3a08c0cedbcb0615a7f9fa7a5da"
 dependencies = [
  "lazy_static",
  "log",
@@ -13700,7 +13657,6 @@ version = "0.21.1"
 [[package]]
 name = "rodio"
 version = "0.21.1"
-source = "git+https://github.com/RustAudio/rodio?rev=e2074c6c2acf07b57cf717e076bdda7a9ac6e70b#e2074c6c2acf07b57cf717e076bdda7a9ac6e70b"
 dependencies = [
  "cpal",
  "dasp_sample",
@@ -16605,7 +16561,6 @@ version = "0.9.1"
 [[package]]
 name = "tiktoken-rs"
 version = "0.9.1"
-source = "git+https://github.com/zed-industries/tiktoken-rs?rev=2570c4387a8505fb8f1d3f3557454b474f1e8271#2570c4387a8505fb8f1d3f3557454b474f1e8271"
 dependencies = [
  "anyhow",
  "base64 0.22.1",
@@ -17314,7 +17269,6 @@ version = "0.23.4"
 [[package]]
 name = "tree-sitter-cpp"
 version = "0.23.4"
-source = "git+https://github.com/tree-sitter/tree-sitter-cpp?rev=5cb9b693cfd7bfacab1d9ff4acac1a4150700609#5cb9b693cfd7bfacab1d9ff4acac1a4150700609"
 dependencies = [
  "cc",
  "tree-sitter-language",
@@ -17363,7 +17317,6 @@ version = "0.0.1"
 [[package]]
 name = "tree-sitter-gitcommit"
 version = "0.0.1"
-source = "git+https://github.com/zed-industries/tree-sitter-git-commit?rev=88309716a69dd13ab83443721ba6e0b491d37ee9#88309716a69dd13ab83443721ba6e0b491d37ee9"
 dependencies = [
  "cc",
  "tree-sitter-language",
@@ -17382,7 +17335,6 @@ version = "1.1.1"
 [[package]]
 name = "tree-sitter-gomod"
 version = "1.1.1"
-source = "git+https://github.com/camdencheek/tree-sitter-go-mod?rev=2e886870578eeba1927a2dc4bd2e2b3f598c5f9a#2e886870578eeba1927a2dc4bd2e2b3f598c5f9a"
 dependencies = [
  "cc",
  "tree-sitter-language",
@@ -17391,7 +17343,6 @@ version = "0.0.1"
 [[package]]
 name = "tree-sitter-gowork"
 version = "0.0.1"
-source = "git+https://github.com/zed-industries/tree-sitter-go-work?rev=acb0617bf7f4fda02c6217676cc64acb89536dc7#acb0617bf7f4fda02c6217676cc64acb89536dc7"
 dependencies = [
  "cc",
  "tree-sitter-language",
@@ -17400,7 +17351,6 @@ version = "0.0.1"
 [[package]]
 name = "tree-sitter-heex"
 version = "0.0.1"
-source = "git+https://github.com/zed-industries/tree-sitter-heex?rev=1dd45142fbb05562e35b2040c6129c9bca346592#1dd45142fbb05562e35b2040c6129c9bca346592"
 dependencies = [
  "cc",
  "tree-sitter-language",
@@ -17445,7 +17395,6 @@ version = "0.3.2"
 [[package]]
 name = "tree-sitter-md"
 version = "0.3.2"
-source = "git+https://github.com/tree-sitter-grammars/tree-sitter-markdown?rev=9a23c1a96c0513d8fc6520972beedd419a973539#9a23c1a96c0513d8fc6520972beedd419a973539"
 dependencies = [
  "cc",
  "tree-sitter-language",
@@ -17494,7 +17443,6 @@ version = "0.23.2"
 [[package]]
 name = "tree-sitter-typescript"
 version = "0.23.2"
-source = "git+https://github.com/zed-industries/tree-sitter-typescript?rev=e2c53597d6a5d9cf7bbe8dccde576fe1e46c5899#e2c53597d6a5d9cf7bbe8dccde576fe1e46c5899"
 dependencies = [
  "cc",
  "tree-sitter-language",
@@ -17503,7 +17451,6 @@ version = "0.6.1"
 [[package]]
 name = "tree-sitter-yaml"
 version = "0.6.1"
-source = "git+https://github.com/zed-industries/tree-sitter-yaml?rev=baff0b51c64ef6a1fb1f8390f3ad6015b83ec13a#baff0b51c64ef6a1fb1f8390f3ad6015b83ec13a"
 dependencies = [
  "cc",
  "tree-sitter-language",
@@ -18953,7 +18900,6 @@ version = "0.3.7"
 [[package]]
 name = "webrtc-sys"
 version = "0.3.7"
-source = "git+https://github.com/zed-industries/livekit-rust-sdks?rev=5f04705ac3f356350ae31534ffbc476abc9ea83d#5f04705ac3f356350ae31534ffbc476abc9ea83d"
 dependencies = [
  "cc",
  "cxx",
@@ -18966,7 +18912,6 @@ version = "0.3.6"
 [[package]]
 name = "webrtc-sys-build"
 version = "0.3.6"
-source = "git+https://github.com/zed-industries/livekit-rust-sdks?rev=5f04705ac3f356350ae31534ffbc476abc9ea83d#5f04705ac3f356350ae31534ffbc476abc9ea83d"
 dependencies = [
  "fs2",
  "regex",
@@ -19129,16 +19074,6 @@ name = "windows"
 
 [[package]]
 name = "windows"
-version = "0.58.0"
-source = "registry+https://github.com/rust-lang/crates.io-index"
-checksum = "dd04d41d93c4992d421894c18c8b43496aa748dd4c081bac0dc93eb0489272b6"
-dependencies = [
- "windows-core 0.58.0",
- "windows-targets 0.52.6",
-]
-
-[[package]]
-name = "windows"
 version = "0.61.3"
 source = "registry+https://github.com/rust-lang/crates.io-index"
 checksum = "9babd3a767a4c1aef6900409f85f5d53ce2544ccdfaa86dad48c91782c6d6893"
@@ -19153,7 +19088,6 @@ version = "1.4.3"
 [[package]]
 name = "windows-capture"
 version = "1.4.3"
-source = "git+https://github.com/zed-industries/windows-capture.git?rev=f0d6c1b6691db75461b732f6d5ff56eed002eeb9#f0d6c1b6691db75461b732f6d5ff56eed002eeb9"
 dependencies = [
  "clap",
  "ctrlc",
@@ -19197,19 +19131,6 @@ name = "windows-core"
 
 [[package]]
 name = "windows-core"
-version = "0.58.0"
-source = "registry+https://github.com/rust-lang/crates.io-index"
-checksum = "6ba6d44ec8c2591c134257ce647b7ea6b20335bf6379a27dac5f1641fcf59f99"
-dependencies = [
- "windows-implement 0.58.0",
- "windows-interface 0.58.0",
- "windows-result 0.2.0",
- "windows-strings 0.1.0",
- "windows-targets 0.52.6",
-]
-
-[[package]]
-name = "windows-core"
 version = "0.61.2"
 source = "registry+https://github.com/rust-lang/crates.io-index"
 checksum = "c0fdd3ddb90610c7638aa2b3a3ab2904fb9e5cdbecc643ddb3647212781c4ae3"
@@ -19258,17 +19179,6 @@ name = "windows-implement"
 
 [[package]]
 name = "windows-implement"
-version = "0.58.0"
-source = "registry+https://github.com/rust-lang/crates.io-index"
-checksum = "2bbd5b46c938e506ecbce286b6628a02171d56153ba733b6c741fc627ec9579b"
-dependencies = [
- "proc-macro2",
- "quote",
- "syn 2.0.106",
-]
-
-[[package]]
-name = "windows-implement"
 version = "0.60.2"
 source = "registry+https://github.com/rust-lang/crates.io-index"
 checksum = "053e2e040ab57b9dc951b72c264860db7eb3b0200ba345b4e4c3b14f67855ddf"
@@ -19291,17 +19201,6 @@ name = "windows-interface"
 
 [[package]]
 name = "windows-interface"
-version = "0.58.0"
-source = "registry+https://github.com/rust-lang/crates.io-index"
-checksum = "053c4c462dc91d3b1504c6fe5a726dd15e216ba718e84a0e46a88fbe5ded3515"
-dependencies = [
- "proc-macro2",
- "quote",
- "syn 2.0.106",
-]
-
-[[package]]
-name = "windows-interface"
 version = "0.59.3"
 source = "registry+https://github.com/rust-lang/crates.io-index"
 checksum = "3f316c4a2570ba26bbec722032c4099d8c8bc095efccdc15688708623367e358"
@@ -19377,15 +19276,6 @@ name = "windows-result"
 
 [[package]]
 name = "windows-result"
-version = "0.2.0"
-source = "registry+https://github.com/rust-lang/crates.io-index"
-checksum = "1d1043d8214f791817bab27572aaa8af63732e11bf84aa21a45a78d6c317ae0e"
-dependencies = [
- "windows-targets 0.52.6",
-]
-
-[[package]]
-name = "windows-result"
 version = "0.3.4"
 source = "registry+https://github.com/rust-lang/crates.io-index"
 checksum = "56f42bd332cc6c8eac5af113fc0c1fd6a8fd2aa08a0119358686e5160d0586c6"
@@ -19404,16 +19294,6 @@ name = "windows-strings"
 
 [[package]]
 name = "windows-strings"
-version = "0.1.0"
-source = "registry+https://github.com/rust-lang/crates.io-index"
-checksum = "4cd9b125c486025df0eabcb585e62173c6c9eddcec5d117d3b6e8c30e2ee4d10"
-dependencies = [
- "windows-result 0.2.0",
- "windows-targets 0.52.6",
-]
-
-[[package]]
-name = "windows-strings"
 version = "0.3.1"
 source = "registry+https://github.com/rust-lang/crates.io-index"
 checksum = "87fa48cc5d406560701792be122a10132491cff9d0aeb23583cc2dcafc847319"
@@ -20224,7 +20104,6 @@ version = "0.3.0"
 [[package]]
 name = "xim-ctext"
 version = "0.3.0"
-source = "git+https://github.com/zed-industries/xim-rs.git?rev=16f35a2c881b815a2b6cdfd6687988e84f8447d8#16f35a2c881b815a2b6cdfd6687988e84f8447d8"
 dependencies = [
  "encoding_rs",
 ]
@@ -20232,7 +20111,6 @@ version = "0.2.1"
 [[package]]
 name = "xim-parser"
 version = "0.2.1"
-source = "git+https://github.com/zed-industries/xim-rs.git?rev=16f35a2c881b815a2b6cdfd6687988e84f8447d8#16f35a2c881b815a2b6cdfd6687988e84f8447d8"
 dependencies = [
  "bitflags 2.9.4",
 ]
@@ -20524,6 +20402,7 @@ dependencies = [
  "gpui",
  "gpui_tokio",
  "http_client",
+ "image",
  "image_viewer",
  "inspector_ui",
  "install_cli",
@@ -20626,7 +20505,6 @@ version = "0.14.1-zed"
 [[package]]
 name = "zed-font-kit"
 version = "0.14.1-zed"
-source = "git+https://github.com/zed-industries/font-kit?rev=110523127440aefb11ce0cf280ae7c5071337ec5#110523127440aefb11ce0cf280ae7c5071337ec5"
 dependencies = [
  "bitflags 2.9.4",
  "byteorder",
@@ -20650,7 +20528,6 @@ version = "0.12.15-zed"
 [[package]]
 name = "zed-reqwest"
 version = "0.12.15-zed"
-source = "git+https://github.com/zed-industries/reqwest.git?rev=c15662463bda39148ba154100dd44d3fba5873a4#c15662463bda39148ba154100dd44d3fba5873a4"
 dependencies = [
  "base64 0.22.1",
  "bytes 1.10.1",
@@ -20699,7 +20576,6 @@ version = "0.0.8-zed"
 [[package]]
 name = "zed-scap"
 version = "0.0.8-zed"
-source = "git+https://github.com/zed-industries/scap?rev=4afea48c3b002197176fb19cd0f9b180dd36eaac#4afea48c3b002197176fb19cd0f9b180dd36eaac"
 dependencies = [
  "anyhow",
  "cocoa 0.25.0",
@@ -20720,7 +20596,6 @@ version = "0.4.0-zed"
 [[package]]
 name = "zed-xim"
 version = "0.4.0-zed"
-source = "git+https://github.com/zed-industries/xim-rs.git?rev=16f35a2c881b815a2b6cdfd6687988e84f8447d8#16f35a2c881b815a2b6cdfd6687988e84f8447d8"
 dependencies = [
  "ahash 0.8.12",
  "hashbrown 0.14.5",
